lockfileVersion: '6.0'

settings:
  autoInstallPeers: true
  excludeLinksFromLockfile: false

dependencies:
  custom-deep-populate:
    specifier: ^1.0.2
    version: 1.0.2

packages:

  /custom-deep-populate@1.0.2:
    resolution: {integrity: sha512-YJewnPUFbQYiKK94OaFvVcPydx25jjreMrbZJycE7TrdTmQLUOazOuF0az/nBiNh+9TtTn2HcdLLiE9fVk52yA==}
    engines: {node: '>=14.19.1 <=21.x.x', npm: '>=6.0.0'}
    dev: false
